{"is_source_file": false, "format": "", "description": "", "external_files": [], "external_methods": [], "published": [], "classes": [], "methods": [], "calls": [], "search-terms": [], "state": 2, "file_id": 23, "knowledge_revision": 71, "git_revision": "b33ea81737e5cc79f0a33e038d69c85fd8fb5e7a", "hash": "e9b4c3b42cef0193b7fddb548d37e652", "format-version": 4, "code-base-name": "default", "filename": "lendtrack_main/post_process_status.lock", "revision_history": [{"71": "b33ea81737e5cc79f0a33e038d69c85fd8fb5e7a"}]}